// !$*UTF8*$!
{
	archiveVersion = 1;
	classes = {
	};
	objectVersion = 46;
	objects = {

/* Begin PBXBuildFile section */
		0B5450E619AB1D930002B2C8 /* SelectViewController.m in Sources */ = {isa = PBXBuildFile; fileRef = 0B5450E519AB1D930002B2C8 /* SelectViewController.m */; };
		0B5450E919AB1FE40002B2C8 /* RecordViewController.m in Sources */ = {isa = PBXBuildFile; fileRef = 0B5450E819AB1FE40002B2C8 /* RecordViewController.m */; };
		0B5450EC19AB27430002B2C8 /* YUAudioRecorder.m in Sources */ = {isa = PBXBuildFile; fileRef = 0B5450EB19AB27430002B2C8 /* YUAudioRecorder.m */; };
		0B5450EF19AB2C840002B2C8 /* YUAudioFile.m in Sources */ = {isa = PBXBuildFile; fileRef = 0B5450EE19AB2C840002B2C8 /* YUAudioFile.m */; };
		0B5E6E3B19B6E43500F62F5B /* YUAudioError.plist in Resources */ = {isa = PBXBuildFile; fileRef = 0B5E6E3A19B6E43500F62F5B /* YUAudioError.plist */; };
		0B6237A319B1785D00CD2D49 /* AVFoundation.framework in Frameworks */ = {isa = PBXBuildFile; fileRef = 0B6237A219B1785D00CD2D49 /* AVFoundation.framework */; };
		0B68995A19A5D1F60067749D /* YUAudioProperty.m in Sources */ = {isa = PBXBuildFile; fileRef = 0B68995919A5D1F60067749D /* YUAudioProperty.m */; };
		0B7976D519ADC5620003FD39 /* RecordListViewController.m in Sources */ = {isa = PBXBuildFile; fileRef = 0B7976D419ADC5620003FD39 /* RecordListViewController.m */; };
		0BB0296219B07FE00002C9CA /* clg.m4a in Resources */ = {isa = PBXBuildFile; fileRef = 0BB0296119B07FE00002C9CA /* clg.m4a */; };
		0BCE136519A1DC260093E91F /* main.m in Sources */ = {isa = PBXBuildFile; fileRef = 0BCE136419A1DC260093E91F /* main.m */; };
		0BCE136819A1DC260093E91F /* AppDelegate.m in Sources */ = {isa = PBXBuildFile; fileRef = 0BCE136719A1DC260093E91F /* AppDelegate.m */; };
		0BCE136B19A1DC260093E91F /* ViewController.m in Sources */ = {isa = PBXBuildFile; fileRef = 0BCE136A19A1DC260093E91F /* ViewController.m */; };
		0BCE137019A1DC260093E91F /* Images.xcassets in Resources */ = {isa = PBXBuildFile; fileRef = 0BCE136F19A1DC260093E91F /* Images.xcassets */; };
		0BCE137C19A1DC260093E91F /* YUAudioPlayerTests.m in Sources */ = {isa = PBXBuildFile; fileRef = 0BCE137B19A1DC260093E91F /* YUAudioPlayerTests.m */; };
		0BCE138819A1DD270093E91F /* YUAudioPlayer.m in Sources */ = {isa = PBXBuildFile; fileRef = 0BCE138719A1DD270093E91F /* YUAudioPlayer.m */; };
		0BCE138B19A1DDE30093E91F /* YUAudioQueue.m in Sources */ = {isa = PBXBuildFile; fileRef = 0BCE138A19A1DDE30093E91F /* YUAudioQueue.m */; };
		0BCE138E19A1DDF50093E91F /* YUAudioStream.m in Sources */ = {isa = PBXBuildFile; fileRef = 0BCE138D19A1DDF50093E91F /* YUAudioStream.m */; };
		0BCE139119A1DE0A0093E91F /* YUAudioDataBase.m in Sources */ = {isa = PBXBuildFile; fileRef = 0BCE139019A1DE0A0093E91F /* YUAudioDataBase.m */; };
		0BCE139419A1DE240093E91F /* YUAudioDataNT.m in Sources */ = {isa = PBXBuildFile; fileRef = 0BCE139319A1DE240093E91F /* YUAudioDataNT.m */; };
		0BCE139719A1DE360093E91F /* YUAudioDataLocal.m in Sources */ = {isa = PBXBuildFile; fileRef = 0BCE139619A1DE360093E91F /* YUAudioDataLocal.m */; };
		0BCE139919A1E5500093E91F /* AudioToolbox.framework in Frameworks */ = {isa = PBXBuildFile; fileRef = 0BCE139819A1E5500093E91F /* AudioToolbox.framework */; };
		0BCE139B19A20B100093E91F /* pfzl.mp3 in Resources */ = {isa = PBXBuildFile; fileRef = 0BCE139A19A20B100093E91F /* pfzl.mp3 */; };
/* End PBXBuildFile section */

/* Begin PBXContainerItemProxy section */
		0BCE137619A1DC260093E91F /* PBXContainerItemProxy */ = {
			isa = PBXContainerItemProxy;
			containerPortal = 0BCE135719A1DC260093E91F /* Project object */;
			proxyType = 1;
			remoteGlobalIDString = 0BCE135E19A1DC260093E91F;
			remoteInfo = YUAudioPlayer;
		};
/* End PBXContainerItemProxy section */

/* Begin PBXFileReference section */
		0B5450E419AB1D930002B2C8 /* SelectViewController.h */ = {isa = PBXFileReference; fileEncoding = 4; lastKnownFileType = sourcecode.c.h; path = SelectViewController.h; sourceTree = "<group>"; };
		0B5450E519AB1D930002B2C8 /* SelectViewController.m */ = {isa = PBXFileReference; fileEncoding = 4; lastKnownFileType = sourcecode.c.objc; path = SelectViewController.m; sourceTree = "<group>"; };
		0B5450E719AB1FE40002B2C8 /* RecordViewController.h */ = {isa = PBXFileReference; fileEncoding = 4; lastKnownFileType = sourcecode.c.h; path = RecordViewController.h; sourceTree = "<group>"; };
		0B5450E819AB1FE40002B2C8 /* RecordViewController.m */ = {isa = PBXFileReference; fileEncoding = 4; lastKnownFileType = sourcecode.c.objc; path = RecordViewController.m; sourceTree = "<group>"; };
		0B5450EA19AB27430002B2C8 /* YUAudioRecorder.h */ = {isa = PBXFileReference; fileEncoding = 4; lastKnownFileType = sourcecode.c.h; path = YUAudioRecorder.h; sourceTree = "<group>"; };
		0B5450EB19AB27430002B2C8 /* YUAudioRecorder.m */ = {isa = PBXFileReference; fileEncoding = 4; lastKnownFileType = sourcecode.c.objc; path = YUAudioRecorder.m; sourceTree = "<group>"; };
		0B5450ED19AB2C840002B2C8 /* YUAudioFile.h */ = {isa = PBXFileReference; fileEncoding = 4; lastKnownFileType = sourcecode.c.h; path = YUAudioFile.h; sourceTree = "<group>"; };
		0B5450EE19AB2C840002B2C8 /* YUAudioFile.m */ = {isa = PBXFileReference; fileEncoding = 4; lastKnownFileType = sourcecode.c.objc; path = YUAudioFile.m; sourceTree = "<group>"; };
		0B5E6E3A19B6E43500F62F5B /* YUAudioError.plist */ = {isa = PBXFileReference; fileEncoding = 4; lastKnownFileType = text.plist.xml; path = YUAudioError.plist; sourceTree = "<group>"; };
		0B6237A219B1785D00CD2D49 /* AVFoundation.framework */ = {isa = PBXFileReference; lastKnownFileType = wrapper.framework; name = AVFoundation.framework; path = System/Library/Frameworks/AVFoundation.framework; sourceTree = SDKROOT; };
		0B68995819A5D1F60067749D /* YUAudioProperty.h */ = {isa = PBXFileReference; fileEncoding = 4; lastKnownFileType = sourcecode.c.h; path = YUAudioProperty.h; sourceTree = "<group>"; };
		0B68995919A5D1F60067749D /* YUAudioProperty.m */ = {isa = PBXFileReference; fileEncoding = 4; lastKnownFileType = sourcecode.c.objc; path = YUAudioProperty.m; sourceTree = "<group>"; };
		0B7976D319ADC5620003FD39 /* RecordListViewController.h */ = {isa = PBXFileReference; fileEncoding = 4; lastKnownFileType = sourcecode.c.h; name = RecordListViewController.h; path = YUAudioPlayer/RecordListViewController.h; sourceTree = SOURCE_ROOT; };
		0B7976D419ADC5620003FD39 /* RecordListViewController.m */ = {isa = PBXFileReference; fileEncoding = 4; lastKnownFileType = sourcecode.c.objc; name = RecordListViewController.m; path = YUAudioPlayer/RecordListViewController.m; sourceTree = SOURCE_ROOT; };
		0BB0296119B07FE00002C9CA /* clg.m4a */ = {isa = PBXFileReference; lastKnownFileType = file; path = clg.m4a; sourceTree = "<group>"; };
		0BCE135F19A1DC260093E91F /* YUAudioPlayer.app */ = {isa = PBXFileReference; explicitFileType = wrapper.application; includeInIndex = 0; path = YUAudioPlayer.app; sourceTree = BUILT_PRODUCTS_DIR; };
		0BCE136319A1DC260093E91F /* Info.plist */ = {isa = PBXFileReference; lastKnownFileType = text.plist.xml; path = Info.plist; sourceTree = "<group>"; };
		0BCE136419A1DC260093E91F /* main.m */ = {isa = PBXFileReference; lastKnownFileType = sourcecode.c.objc; path = main.m; sourceTree = "<group>"; };
		0BCE136619A1DC260093E91F /* AppDelegate.h */ = {isa = PBXFileReference; lastKnownFileType = sourcecode.c.h; path = AppDelegate.h; sourceTree = "<group>"; };
		0BCE136719A1DC260093E91F /* AppDelegate.m */ = {isa = PBXFileReference; lastKnownFileType = sourcecode.c.objc; path = AppDelegate.m; sourceTree = "<group>"; };
		0BCE136919A1DC260093E91F /* ViewController.h */ = {isa = PBXFileReference; lastKnownFileType = sourcecode.c.h; path = ViewController.h; sourceTree = "<group>"; };
		0BCE136A19A1DC260093E91F /* ViewController.m */ = {isa = PBXFileReference; lastKnownFileType = sourcecode.c.objc; path = ViewController.m; sourceTree = "<group>"; };
		0BCE136F19A1DC260093E91F /* Images.xcassets */ = {isa = PBXFileReference; lastKnownFileType = folder.assetcatalog; path = Images.xcassets; sourceTree = "<group>"; };
		0BCE137519A1DC260093E91F /* YUAudioPlayerTests.xctest */ = {isa = PBXFileReference; explicitFileType = wrapper.cfbundle; includeInIndex = 0; path = YUAudioPlayerTests.xctest; sourceTree = BUILT_PRODUCTS_DIR; };
		0BCE137A19A1DC260093E91F /* Info.plist */ = {isa = PBXFileReference; lastKnownFileType = text.plist.xml; path = Info.plist; sourceTree = "<group>"; };
		0BCE137B19A1DC260093E91F /* YUAudioPlayerTests.m */ = {isa = PBXFileReference; lastKnownFileType = sourcecode.c.objc; path = YUAudioPlayerTests.m; sourceTree = "<group>"; };
		0BCE138619A1DD270093E91F /* YUAudioPlayer.h */ = {isa = PBXFileReference; fileEncoding = 4; lastKnownFileType = sourcecode.c.h; path = YUAudioPlayer.h; sourceTree = "<group>"; };
		0BCE138719A1DD270093E91F /* YUAudioPlayer.m */ = {isa = PBXFileReference; fileEncoding = 4; lastKnownFileType = sourcecode.c.objc; path = YUAudioPlayer.m; sourceTree = "<group>"; };
		0BCE138919A1DDE30093E91F /* YUAudioQueue.h */ = {isa = PBXFileReference; fileEncoding = 4; lastKnownFileType = sourcecode.c.h; path = YUAudioQueue.h; sourceTree = "<group>"; };
		0BCE138A19A1DDE30093E91F /* YUAudioQueue.m */ = {isa = PBXFileReference; fileEncoding = 4; lastKnownFileType = sourcecode.c.objc; path = YUAudioQueue.m; sourceTree = "<group>"; };
		0BCE138C19A1DDF50093E91F /* YUAudioStream.h */ = {isa = PBXFileReference; fileEncoding = 4; lastKnownFileType = sourcecode.c.h; path = YUAudioStream.h; sourceTree = "<group>"; };
		0BCE138D19A1DDF50093E91F /* YUAudioStream.m */ = {isa = PBXFileReference; fileEncoding = 4; lastKnownFileType = sourcecode.c.objc; path = YUAudioStream.m; sourceTree = "<group>"; };
		0BCE138F19A1DE0A0093E91F /* YUAudioDataBase.h */ = {isa = PBXFileReference; fileEncoding = 4; lastKnownFileType = sourcecode.c.h; path = YUAudioDataBase.h; sourceTree = "<group>"; };
		0BCE139019A1DE0A0093E91F /* YUAudioDataBase.m */ = {isa = PBXFileReference; fileEncoding = 4; lastKnownFileType = sourcecode.c.objc; path = YUAudioDataBase.m; sourceTree = "<group>"; };
		0BCE139219A1DE240093E91F /* YUAudioDataNT.h */ = {isa = PBXFileReference; fileEncoding = 4; lastKnownFileType = sourcecode.c.h; path = YUAudioDataNT.h; sourceTree = "<group>"; };
		0BCE139319A1DE240093E91F /* YUAudioDataNT.m */ = {isa = PBXFileReference; fileEncoding = 4; lastKnownFileType = sourcecode.c.objc; path = YUAudioDataNT.m; sourceTree = "<group>"; };
		0BCE139519A1DE360093E91F /* YUAudioDataLocal.h */ = {isa = PBXFileReference; fileEncoding = 4; lastKnownFileType = sourcecode.c.h; path = YUAudioDataLocal.h; sourceTree = "<group>"; };
		0BCE139619A1DE360093E91F /* YUAudioDataLocal.m */ = {isa = PBXFileReference; fileEncoding = 4; lastKnownFileType = sourcecode.c.objc; path = YUAudioDataLocal.m; sourceTree = "<group>"; };
		0BCE139819A1E5500093E91F /* AudioToolbox.framework */ = {isa = PBXFileReference; lastKnownFileType = wrapper.framework; name = AudioToolbox.framework; path = System/Library/Frameworks/AudioToolbox.framework; sourceTree = SDKROOT; };
		0BCE139A19A20B100093E91F /* pfzl.mp3 */ = {isa = PBXFileReference; lastKnownFileType = audio.mp3; path = pfzl.mp3; sourceTree = "<group>"; };
/* End PBXFileReference section */

/* Begin PBXFrameworksBuildPhase section */
		0BCE135C19A1DC260093E91F /* Frameworks */ = {
			isa = PBXFrameworksBuildPhase;
			buildActionMask = 2147483647;
			files = (
				0B6237A319B1785D00CD2D49 /* AVFoundation.framework in Frameworks */,
				0BCE139919A1E5500093E91F /* AudioToolbox.framework in Frameworks */,
			);
			runOnlyForDeploymentPostprocessing = 0;
		};
		0BCE137219A1DC260093E91F /* Frameworks */ = {
			isa = PBXFrameworksBuildPhase;
			buildActionMask = 2147483647;
			files = (
			);
			runOnlyForDeploymentPostprocessing = 0;
		};
/* End PBXFrameworksBuildPhase section */

/* Begin PBXGroup section */
		0BCE135619A1DC260093E91F = {
			isa = PBXGroup;
			children = (
				0B6237A219B1785D00CD2D49 /* AVFoundation.framework */,
				0BCE139819A1E5500093E91F /* AudioToolbox.framework */,
				0BCE136119A1DC260093E91F /* YUAudioPlayer */,
				0BCE137819A1DC260093E91F /* YUAudioPlayerTests */,
				0BCE136019A1DC260093E91F /* Products */,
			);
			sourceTree = "<group>";
		};
		0BCE136019A1DC260093E91F /* Products */ = {
			isa = PBXGroup;
			children = (
				0BCE135F19A1DC260093E91F /* YUAudioPlayer.app */,
				0BCE137519A1DC260093E91F /* YUAudioPlayerTests.xctest */,
			);
			name = Products;
			sourceTree = "<group>";
		};
		0BCE136119A1DC260093E91F /* YUAudioPlayer */ = {
			isa = PBXGroup;
			children = (
				0BB0296119B07FE00002C9CA /* clg.m4a */,
				0BCE139A19A20B100093E91F /* pfzl.mp3 */,
				0BCE138519A1DD150093E91F /* Classes */,
				0BCE136619A1DC260093E91F /* AppDelegate.h */,
				0BCE136719A1DC260093E91F /* AppDelegate.m */,
				0BCE136919A1DC260093E91F /* ViewController.h */,
				0BCE136A19A1DC260093E91F /* ViewController.m */,
				0BCE136219A1DC260093E91F /* Supporting Files */,
				0BCE136F19A1DC260093E91F /* Images.xcassets */,
				0B5450E419AB1D930002B2C8 /* SelectViewController.h */,
				0B5450E519AB1D930002B2C8 /* SelectViewController.m */,
				0B5450E719AB1FE40002B2C8 /* RecordViewController.h */,
				0B5450E819AB1FE40002B2C8 /* RecordViewController.m */,
				0B7976D319ADC5620003FD39 /* RecordListViewController.h */,
				0B7976D419ADC5620003FD39 /* RecordListViewController.m */,
			);
			path = YUAudioPlayer;
			sourceTree = "<group>";
		};
		0BCE136219A1DC260093E91F /* Supporting Files */ = {
			isa = PBXGroup;
			children = (
				0BCE136319A1DC260093E91F /* Info.plist */,
				0BCE136419A1DC260093E91F /* main.m */,
			);
			name = "Supporting Files";
			sourceTree = "<group>";
		};
		0BCE137819A1DC260093E91F /* YUAudioPlayerTests */ = {
			isa = PBXGroup;
			children = (
				0BCE137B19A1DC260093E91F /* YUAudioPlayerTests.m */,
				0BCE137919A1DC260093E91F /* Supporting Files */,
			);
			path = YUAudioPlayerTests;
			sourceTree = "<group>";
		};
		0BCE137919A1DC260093E91F /* Supporting Files */ = {
			isa = PBXGroup;
			children = (
				0BCE137A19A1DC260093E91F /* Info.plist */,
			);
			name = "Supporting Files";
			sourceTree = "<group>";
		};
		0BCE138519A1DD150093E91F /* Classes */ = {
			isa = PBXGroup;
			children = (
				0BCE138619A1DD270093E91F /* YUAudioPlayer.h */,
				0BCE138719A1DD270093E91F /* YUAudioPlayer.m */,
				0B5450EA19AB27430002B2C8 /* YUAudioRecorder.h */,
				0B5450EB19AB27430002B2C8 /* YUAudioRecorder.m */,
				0B5450ED19AB2C840002B2C8 /* YUAudioFile.h */,
				0B5450EE19AB2C840002B2C8 /* YUAudioFile.m */,
				0BCE138919A1DDE30093E91F /* YUAudioQueue.h */,
				0BCE138A19A1DDE30093E91F /* YUAudioQueue.m */,
				0BCE138C19A1DDF50093E91F /* YUAudioStream.h */,
				0BCE138D19A1DDF50093E91F /* YUAudioStream.m */,
				0BCE138F19A1DE0A0093E91F /* YUAudioDataBase.h */,
				0BCE139019A1DE0A0093E91F /* YUAudioDataBase.m */,
				0BCE139219A1DE240093E91F /* YUAudioDataNT.h */,
				0BCE139319A1DE240093E91F /* YUAudioDataNT.m */,
				0BCE139519A1DE360093E91F /* YUAudioDataLocal.h */,
				0BCE139619A1DE360093E91F /* YUAudioDataLocal.m */,
				0B68995819A5D1F60067749D /* YUAudioProperty.h */,
				0B68995919A5D1F60067749D /* YUAudioProperty.m */,
				0B5E6E3A19B6E43500F62F5B /* YUAudioError.plist */,
			);
			path = Classes;
			sourceTree = "<group>";
		};
/* End PBXGroup section */

/* Begin PBXNativeTarget section */
		0BCE135E19A1DC260093E91F /* YUAudioPlayer */ = {
			isa = PBXNativeTarget;
			buildConfigurationList = 0BCE137F19A1DC260093E91F /* Build configuration list for PBXNativeTarget "YUAudioPlayer" */;
			buildPhases = (
				0BCE135B19A1DC260093E91F /* Sources */,
				0BCE135C19A1DC260093E91F /* Frameworks */,
				0BCE135D19A1DC260093E91F /* Resources */,
			);
			buildRules = (
			);
			dependencies = (
			);
			name = YUAudioPlayer;
			productName = YUAudioPlayer;
			productReference = 0BCE135F19A1DC260093E91F /* YUAudioPlayer.app */;
			productType = "com.apple.product-type.application";
		};
		0BCE137419A1DC260093E91F /* YUAudioPlayerTests */ = {
			isa = PBXNativeTarget;
			buildConfigurationList = 0BCE138219A1DC260093E91F /* Build configuration list for PBXNativeTarget "YUAudioPlayerTests" */;
			buildPhases = (
				0BCE137119A1DC260093E91F /* Sources */,
				0BCE137219A1DC260093E91F /* Frameworks */,
				0BCE137319A1DC260093E91F /* Resources */,
			);
			buildRules = (
			);
			dependencies = (
				0BCE137719A1DC260093E91F /* PBXTargetDependency */,
			);
			name = YUAudioPlayerTests;
			productName = YUAudioPlayerTests;
			productReference = 0BCE137519A1DC260093E91F /* YUAudioPlayerTests.xctest */;
			productType = "com.apple.product-type.bundle.unit-test";
		};
/* End PBXNativeTarget section */

/* Begin PBXProject section */
		0BCE135719A1DC260093E91F /* Project object */ = {
			isa = PBXProject;
			attributes = {
				LastUpgradeCheck = 0600;
				ORGANIZATIONNAME = duan;
				TargetAttributes = {
					0BCE135E19A1DC260093E91F = {
						CreatedOnToolsVersion = 6.0;
						DevelopmentTeam = PTU6AB3JC9;
					};
					0BCE137419A1DC260093E91F = {
						CreatedOnToolsVersion = 6.0;
						DevelopmentTeam = PTU6AB3JC9;
						TestTargetID = 0BCE135E19A1DC260093E91F;
					};
				};
			};
			buildConfigurationList = 0BCE135A19A1DC260093E91F /* Build configuration list for PBXProject "YUAudioPlayer" */;
			compatibilityVersion = "Xcode 3.2";
			developmentRegion = English;
			hasScannedForEncodings = 0;
			knownRegions = (
				en,
				Base,
			);
			mainGroup = 0BCE135619A1DC260093E91F;
			productRefGroup = 0BCE136019A1DC260093E91F /* Products */;
			projectDirPath = "";
			projectRoot = "";
			targets = (
				0BCE135E19A1DC260093E91F /* YUAudioPlayer */,
				0BCE137419A1DC260093E91F /* YUAudioPlayerTests */,
			);
		};
/* End PBXProject section */

/* Begin PBXResourcesBuildPhase section */
		0BCE135D19A1DC260093E91F /* Resources */ = {
			isa = PBXResourcesBuildPhase;
			buildActionMask = 2147483647;
			files = (
				0BB0296219B07FE00002C9CA /* clg.m4a in Resources */,
				0BCE137019A1DC260093E91F /* Images.xcassets in Resources */,
				0B5E6E3B19B6E43500F62F5B /* YUAudioError.plist in Resources */,
				0BCE139B19A20B100093E91F /* pfzl.mp3 in Resources */,
			);
			runOnlyForDeploymentPostprocessing = 0;
		};
		0BCE137319A1DC260093E91F /* Resources */ = {
			isa = PBXResourcesBuildPhase;
			buildActionMask = 2147483647;
			files = (
			);
			runOnlyForDeploymentPostprocessing = 0;
		};
/* End PBXResourcesBuildPhase section */

/* Begin PBXSourcesBuildPhase section */
		0BCE135B19A1DC260093E91F /* Sources */ = {
			isa = PBXSourcesBuildPhase;
			buildActionMask = 2147483647;
			files = (
				0BCE136B19A1DC260093E91F /* ViewController.m in Sources */,
				0BCE139119A1DE0A0093E91F /* YUAudioDataBase.m in Sources */,
				0BCE138B19A1DDE30093E91F /* YUAudioQueue.m in Sources */,
				0B5450E919AB1FE40002B2C8 /* RecordViewController.m in Sources */,
				0B68995A19A5D1F60067749D /* YUAudioProperty.m in Sources */,
				0B5450E619AB1D930002B2C8 /* SelectViewController.m in Sources */,
				0B5450EC19AB27430002B2C8 /* YUAudioRecorder.m in Sources */,
				0BCE136819A1DC260093E91F /* AppDelegate.m in Sources */,
				0BCE136519A1DC260093E91F /* main.m in Sources */,
				0B7976D519ADC5620003FD39 /* RecordListViewController.m in Sources */,
				0BCE138E19A1DDF50093E91F /* YUAudioStream.m in Sources */,
				0BCE139719A1DE360093E91F /* YUAudioDataLocal.m in Sources */,
				0BCE139419A1DE240093E91F /* YUAudioDataNT.m in Sources */,
				0B5450EF19AB2C840002B2C8 /* YUAudioFile.m in Sources */,
				0BCE138819A1DD270093E91F /* YUAudioPlayer.m in Sources */,
			);
			runOnlyForDeploymentPostprocessing = 0;
		};
		0BCE137119A1DC260093E91F /* Sources */ = {
			isa = PBXSourcesBuildPhase;
			buildActionMask = 2147483647;
			files = (
				0BCE137C19A1DC260093E91F /* YUAudioPlayerTests.m in Sources */,
			);
			runOnlyForDeploymentPostprocessing = 0;
		};
/* End PBXSourcesBuildPhase section */

/* Begin PBXTargetDependency section */
		0BCE137719A1DC260093E91F /* PBXTargetDependency */ = {
			isa = PBXTargetDependency;
			target = 0BCE135E19A1DC260093E91F /* YUAudioPlayer */;
			targetProxy = 0BCE137619A1DC260093E91F /* PBXContainerItemProxy */;
		};
/* End PBXTargetDependency section */

/* Begin XCBuildConfiguration section */
		0BCE137D19A1DC260093E91F /* Debug */ = {
			isa = XCBuildConfiguration;
			buildSettings = {
				ALWAYS_SEARCH_USER_PATHS = NO;
				CLANG_CXX_LANGUAGE_STANDARD = "gnu++0x";
				CLANG_CXX_LIBRARY = "libc++";
				CLANG_ENABLE_MODULES = YES;
				CLANG_ENABLE_OBJC_ARC = YES;
				CLANG_WARN_BOOL_CONVERSION = YES;
				CLANG_WARN_CONSTANT_CONVERSION = YES;
				CLANG_WARN_DIRECT_OBJC_ISA_USAGE = YES_ERROR;
				CLANG_WARN_EMPTY_BODY = YES;
				CLANG_WARN_ENUM_CONVERSION = YES;
				CLANG_WARN_INT_CONVERSION = YES;
				CLANG_WARN_OBJC_ROOT_CLASS = YES_ERROR;
				CLANG_WARN_UNREACHABLE_CODE = YES;
				CLANG_WARN__DUPLICATE_METHOD_MATCH = YES;
				CODE_SIGN_IDENTITY = "iPhone Developer: Linlin Chen (6NX3BXXX5T)";
				"CODE_SIGN_IDENTITY[sdk=iphoneos*]" = "iPhone Developer: Linlin Chen (6NX3BXXX5T)";
				COPY_PHASE_STRIP = NO;
				ENABLE_STRICT_OBJC_MSGSEND = YES;
				GCC_C_LANGUAGE_STANDARD = gnu99;
				GCC_DYNAMIC_NO_PIC = NO;
				GCC_OPTIMIZATION_LEVEL = 0;
				GCC_PREPROCESSOR_DEFINITIONS = (
					"DEBUG=1",
					"$(inherited)",
				);
				GCC_SYMBOLS_PRIVATE_EXTERN = NO;
				GCC_WARN_64_TO_32_BIT_CONVERSION = YES;
				GCC_WARN_ABOUT_RETURN_TYPE = YES_ERROR;
				GCC_WARN_UNDECLARED_SELECTOR = YES;
				GCC_WARN_UNINITIALIZED_AUTOS = YES_AGGRESSIVE;
				GCC_WARN_UNUSED_FUNCTION = YES;
				GCC_WARN_UNUSED_VARIABLE = YES;
				IPHONEOS_DEPLOYMENT_TARGET = 7.0;
				MTL_ENABLE_DEBUG_INFO = YES;
				ONLY_ACTIVE_ARCH = YES;
				PROVISIONING_PROFILE = "0295e888-d3a1-4f38-bce2-52a9e54ca842";
				SDKROOT = iphoneos;
			};
			name = Debug;
		};
		0BCE137E19A1DC260093E91F /* Release */ = {
			isa = XCBuildConfiguration;
			buildSettings = {
				ALWAYS_SEARCH_USER_PATHS = NO;
				CLANG_CXX_LANGUAGE_STANDARD = "gnu++0x";
				CLANG_CXX_LIBRARY = "libc++";
				CLANG_ENABLE_MODULES = YES;
				CLANG_ENABLE_OBJC_ARC = YES;
				CLANG_WARN_BOOL_CONVERSION = YES;
				CLANG_WARN_CONSTANT_CONVERSION = YES;
				CLANG_WARN_DIRECT_OBJC_ISA_USAGE = YES_ERROR;
				CLANG_WARN_EMPTY_BODY = YES;
				CLANG_WARN_ENUM_CONVERSION = YES;
				CLANG_WARN_INT_CONVERSION = YES;
				CLANG_WARN_OBJC_ROOT_CLASS = YES_ERROR;
				CLANG_WARN_UNREACHABLE_CODE = YES;
				CLANG_WARN__DUPLICATE_METHOD_MATCH = YES;
				CODE_SIGN_IDENTITY = "iPhone Developer: Linlin Chen (6NX3BXXX5T)";
				"CODE_SIGN_IDENTITY[sdk=iphoneos*]" = "iPhone Developer: Linlin Chen (6NX3BXXX5T)";
				COPY_PHASE_STRIP = YES;
				ENABLE_NS_ASSERTIONS = NO;
				ENABLE_STRICT_OBJC_MSGSEND = YES;
				GCC_C_LANGUAGE_STANDARD = gnu99;
				GCC_WARN_64_TO_32_BIT_CONVERSION = YES;
				GCC_WARN_ABOUT_RETURN_TYPE = YES_ERROR;
				GCC_WARN_UNDECLARED_SELECTOR = YES;
				GCC_WARN_UNINITIALIZED_AUTOS = YES_AGGRESSIVE;
				GCC_WARN_UNUSED_FUNCTION = YES;
				GCC_WARN_UNUSED_VARIABLE = YES;
				IPHONEOS_DEPLOYMENT_TARGET = 7.0;
				MTL_ENABLE_DEBUG_INFO = NO;
				PROVISIONING_PROFILE = "0295e888-d3a1-4f38-bce2-52a9e54ca842";
				SDKROOT = iphoneos;
				VALIDATE_PRODUCT = YES;
			};
			name = Release;
		};
		0BCE138019A1DC260093E91F /* Debug */ = {
			isa = XCBuildConfiguration;
			buildSettings = {
				ASSETCATALOG_COMPILER_APPICON_NAME = AppIcon;
				ASSETCATALOG_COMPILER_LAUNCHIMAGE_NAME = LaunchImage;
				CODE_SIGN_IDENTITY = "iPhone Developer";
				"CODE_SIGN_IDENTITY[sdk=iphoneos*]" = "iPhone Developer";
				INFOPLIST_FILE = YUAudioPlayer/Info.plist;
				IPHONEOS_DEPLOYMENT_TARGET = 7.0;
				LD_RUNPATH_SEARCH_PATHS = "$(inherited) @executable_path/Frameworks";
				PRODUCT_NAME = "$(TARGET_NAME)";
				PROVISIONING_PROFILE = "";
			};
			name = Debug;
		};
		0BCE138119A1DC260093E91F /* Release */ = {
			isa = XCBuildConfiguration;
			buildSettings = {
				ASSETCATALOG_COMPILER_APPICON_NAME = AppIcon;
				ASSETCATALOG_COMPILER_LAUNCHIMAGE_NAME = LaunchImage;
				CODE_SIGN_IDENTITY = "iPhone Developer";
				"CODE_SIGN_IDENTITY[sdk=iphoneos*]" = "iPhone Developer";
				INFOPLIST_FILE = YUAudioPlayer/Info.plist;
				IPHONEOS_DEPLOYMENT_TARGET = 7.0;
				LD_RUNPATH_SEARCH_PATHS = "$(inherited) @executable_path/Frameworks";
				PRODUCT_NAME = "$(TARGET_NAME)";
				PROVISIONING_PROFILE = "";
			};
			name = Release;
		};
		0BCE138319A1DC260093E91F /* Debug */ = {
			isa = XCBuildConfiguration;
			buildSettings = {
				BUNDLE_LOADER = "$(TEST_HOST)";
				CODE_SIGN_IDENTITY = "iPhone Developer";
				"CODE_SIGN_IDENTITY[sdk=iphoneos*]" = "iPhone Developer";
				FRAMEWORK_SEARCH_PATHS = (
					"$(SDKROOT)/Developer/Library/Frameworks",
					"$(inherited)",
				);
				GCC_PREPROCESSOR_DEFINITIONS = (
					"DEBUG=1",
					"$(inherited)",
				);
				INFOPLIST_FILE = YUAudioPlayerTests/Info.plist;
				LD_RUNPATH_SEARCH_PATHS = "$(inherited) @executable_path/Frameworks @loader_path/Frameworks";
				PRODUCT_NAME = "$(TARGET_NAME)";
				PROVISIONING_PROFILE = "";
				TEST_HOST = "$(BUILT_PRODUCTS_DIR)/YUAudioPlayer.app/YUAudioPlayer";
			};
			name = Debug;
		};
		0BCE138419A1DC260093E91F /* Release */ = {
			isa = XCBuildConfiguration;
			buildSettings = {
				BUNDLE_LOADER = "$(TEST_HOST)";
				CODE_SIGN_IDENTITY = "iPhone Developer";
				"CODE_SIGN_IDENTITY[sdk=iphoneos*]" = "iPhone Developer";
				FRAMEWORK_SEARCH_PATHS = (
					"$(SDKROOT)/Developer/Library/Frameworks",
					"$(inherited)",
				);
				INFOPLIST_FILE = YUAudioPlayerTests/Info.plist;
				LD_RUNPATH_SEARCH_PATHS = "$(inherited) @executable_path/Frameworks @loader_path/Frameworks";
				PRODUCT_NAME = "$(TARGET_NAME)";
				PROVISIONING_PROFILE = "";
				TEST_HOST = "$(BUILT_PRODUCTS_DIR)/YUAudioPlayer.app/YUAudioPlayer";
			};
			name = Release;
		};
/* End XCBuildConfiguration section */

/* Begin XCConfigurationList section */
		0BCE135A19A1DC260093E91F /* Build configuration list for PBXProject "YUAudioPlayer" */ = {
			isa = XCConfigurationList;
			buildConfigurations = (
				0BCE137D19A1DC260093E91F /* Debug */,
				0BCE137E19A1DC260093E91F /* Release */,
			);
			defaultConfigurationIsVisible = 0;
			defaultConfigurationName = Release;
		};
		0BCE137F19A1DC260093E91F /* Build configuration list for PBXNativeTarget "YUAudioPlayer" */ = {
			isa = XCConfigurationList;
			buildConfigurations = (
				0BCE138019A1DC260093E91F /* Debug */,
				0BCE138119A1DC260093E91F /* Release */,
			);
			defaultConfigurationIsVisible = 0;
			defaultConfigurationName = Release;
		};
		0BCE138219A1DC260093E91F /* Build configuration list for PBXNativeTarget "YUAudioPlayerTests" */ = {
			isa = XCConfigurationList;
			buildConfigurations = (
				0BCE138319A1DC260093E91F /* Debug */,
				0BCE138419A1DC260093E91F /* Release */,
			);
			defaultConfigurationIsVisible = 0;
			defaultConfigurationName = Release;
		};
/* End XCConfigurationList section */
	};
	rootObject = 0BCE135719A1DC260093E91F /* Project object */;
}
